
Microsoft Visual Studio Solution File, Format Version 12.00
# Visual Studio Version 17
VisualStudioVersion = 17.14.36310.24 d17.14
MinimumVisualStudioVersion = 10.0.40219.1
Project("{FAE04EC0-301F-11D3-BF4B-00C04F79EFBC}") = "TakingInput", "TakingInput\TakingInput.csproj", "{843F12AE-E87F-4437-85C7-731A379DB29D}"
EndProject
Global
	GlobalSection(SolutionConfigurationPlatforms) = preSolution
		Debug|Any CPU = Debug|Any CPU
		Release|Any CPU = Release|Any CPU
	EndGlobalSection
	GlobalSection(ProjectConfigurationPlatforms) = postSolution
		{843F12AE-E87F-4437-85C7-731A379DB29D}.Debug|Any CPU.ActiveCfg = Debug|Any CPU
		{843F12AE-E87F-4437-85C7-731A379DB29D}.Debug|Any CPU.Build.0 = Debug|Any CPU
		{843F12AE-E87F-4437-85C7-731A379DB29D}.Release|Any CPU.ActiveCfg = Release|Any CPU
		{843F12AE-E87F-4437-85C7-731A379DB29D}.Release|Any CPU.Build.0 = Release|Any CPU
	EndGlobalSection
	GlobalSection(SolutionProperties) = preSolution
		HideSolutionNode = FALSE
	EndGlobalSection
	GlobalSection(ExtensibilityGlobals) = postSolution
		SolutionGuid = {FC4387E9-4C63-4480-B7E5-3B947C5A16AA}
	EndGlobalSection
EndGlobal
